hash: 1a50304ff51495119217764beef35e25144aa255ff40f4806053be8380419d0f
updated: 2017-04-01T21:42:37.128538434Z
imports:
- name: github.com/gorilla/context
  version: 08b5f424b9271eedf6f9f0ce86cb9396ed337a42
- name: github.com/gorilla/mux
  version: 392c28fe23e1c45ddba891b0320b3b5df220beea
- name: github.com/lib/pq
  version: 2704adc878c21e1329f46f6e56a1c387d788ff94
  subpackages:
  - oid
testImports: []
